// !$*UTF8*$!
{
	archiveVersion = 1;
	classes = {
	};
	objectVersion = 46;
	objects = {

/* Begin PBXBuildFile section */
		F701DF161E01C3DA00850655 /* libnsgif.c in Sources */ = {isa = PBXBuildFile; fileRef = F701DF131E01C3DA00850655 /* libnsgif.c */; };
		F701DF171E01C3DA00850655 /* nsgif.cpp in Sources */ = {isa = PBXBuildFile; fileRef = F701DF151E01C3DA00850655 /* nsgif.cpp */; };
/* End PBXBuildFile section */

/* Begin PBXFileReference section */
		F701DF041E01C1F800850655 /* nsgif.bundle */ = {isa = PBXFileReference; explicitFileType = wrapper.cfbundle; includeInIndex = 0; path = nsgif.bundle; sourceTree = BUILT_PRODUCTS_DIR; };
		F701DF071E01C1F800850655 /* Info.plist */ = {isa = PBXFileReference; lastKnownFileType = text.plist; name = Info.plist; path = Info.plist; sourceTree = "<group>"; };
		F701DF131E01C3DA00850655 /* libnsgif.c */ = {isa = PBXFileReference; fileEncoding = 4; lastKnownFileType = sourcecode.c.c; name = libnsgif.c; path = ../../Assets/NSGIF/Plugins/iOS/libnsgif.c; sourceTree = "<group>"; };
		F701DF141E01C3DA00850655 /* libnsgif.h */ = {isa = PBXFileReference; fileEncoding = 4; lastKnownFileType = sourcecode.c.h; name = libnsgif.h; path = ../../Assets/NSGIF/Plugins/iOS/libnsgif.h; sourceTree = "<group>"; };
		F701DF151E01C3DA00850655 /* nsgif.cpp */ = {isa = PBXFileReference; fileEncoding = 4; lastKnownFileType = sourcecode.cpp.cpp; name = nsgif.cpp; path = ../../Assets/NSGIF/Plugins/iOS/nsgif.cpp; sourceTree = "<group>"; };
/* End PBXFileReference section */

/* Begin PBXFrameworksBuildPhase section */
		F701DF011E01C1F800850655 /* Frameworks */ = {
			isa = PBXFrameworksBuildPhase;
			buildActionMask = 2147483647;
			files = (
			);
			runOnlyForDeploymentPostprocessing = 0;
		};
/* End PBXFrameworksBuildPhase section */

/* Begin PBXGroup section */
		F701DEFB1E01C1F800850655 = {
			isa = PBXGroup;
			children = (
				F701DF071E01C1F800850655 /* Info.plist */,
				F701DF0D1E01C1FE00850655 /* Source */,
				F701DF051E01C1F800850655 /* Products */,
			);
			sourceTree = "<group>";
		};
		F701DF051E01C1F800850655 /* Products */ = {
			isa = PBXGroup;
			children = (
				F701DF041E01C1F800850655 /* nsgif.bundle */,
			);
			name = Products;
			sourceTree = "<group>";
		};
		F701DF0D1E01C1FE00850655 /* Source */ = {
			isa = PBXGroup;
			children = (
				F701DF131E01C3DA00850655 /* libnsgif.c */,
				F701DF141E01C3DA00850655 /* libnsgif.h */,
				F701DF151E01C3DA00850655 /* nsgif.cpp */,
			);
			name = Source;
			sourceTree = "<group>";
		};
/* End PBXGroup section */

/* Begin PBXNativeTarget section */
		F701DF031E01C1F800850655 /* nsgif */ = {
			isa = PBXNativeTarget;
			buildConfigurationList = F701DF0A1E01C1F800850655 /* Build configuration list for PBXNativeTarget "nsgif" */;
			buildPhases = (
				F701DF001E01C1F800850655 /* Sources */,
				F701DF011E01C1F800850655 /* Frameworks */,
				F701DF021E01C1F800850655 /* Resources */,
			);
			buildRules = (
			);
			dependencies = (
			);
			name = nsgif;
			productName = nsgif;
			productReference = F701DF041E01C1F800850655 /* nsgif.bundle */;
			productType = "com.apple.product-type.bundle";
		};
/* End PBXNativeTarget section */

/* Begin PBXProject section */
		F701DEFC1E01C1F800850655 /* Project object */ = {
			isa = PBXProject;
			attributes = {
				LastUpgradeCheck = 0810;
				ORGANIZATIONNAME = "Glu Mobile";
				TargetAttributes = {
					F701DF031E01C1F800850655 = {
						CreatedOnToolsVersion = 8.1;
						ProvisioningStyle = Automatic;
					};
				};
			};
			buildConfigurationList = F701DEFF1E01C1F800850655 /* Build configuration list for PBXProject "nsgif" */;
			compatibilityVersion = "Xcode 3.2";
			developmentRegion = English;
			hasScannedForEncodings = 0;
			knownRegions = (
				en,
			);
			mainGroup = F701DEFB1E01C1F800850655;
			productRefGroup = F701DF051E01C1F800850655 /* Products */;
			projectDirPath = "";
			projectRoot = "";
			targets = (
				F701DF031E01C1F800850655 /* nsgif */,
			);
		};
/* End PBXProject section */

/* Begin PBXResourcesBuildPhase section */
		F701DF021E01C1F800850655 /* Resources */ = {
			isa = PBXResourcesBuildPhase;
			buildActionMask = 2147483647;
			files = (
			);
			runOnlyForDeploymentPostprocessing = 0;
		};
/* End PBXResourcesBuildPhase section */

/* Begin PBXSourcesBuildPhase section */
		F701DF001E01C1F800850655 /* Sources */ = {
			isa = PBXSourcesBuildPhase;
			buildActionMask = 2147483647;
			files = (
				F701DF161E01C3DA00850655 /* libnsgif.c in Sources */,
				F701DF171E01C3DA00850655 /* nsgif.cpp in Sources */,
			);
			runOnlyForDeploymentPostprocessing = 0;
		};
/* End PBXSourcesBuildPhase section */

/* Begin XCBuildConfiguration section */
		F701DF081E01C1F800850655 /* Debug */ = {
			isa = XCBuildConfiguration;
			buildSettings = {
				ALWAYS_SEARCH_USER_PATHS = NO;
				CLANG_ANALYZER_NONNULL = YES;
				CLANG_CXX_LANGUAGE_STANDARD = "gnu++0x";
				CLANG_CXX_LIBRARY = "libc++";
				CLANG_ENABLE_MODULES = YES;
				CLANG_ENABLE_OBJC_ARC = YES;
				CLANG_WARN_BOOL_CONVERSION = YES;
				CLANG_WARN_CONSTANT_CONVERSION = YES;
				CLANG_WARN_DIRECT_OBJC_ISA_USAGE = YES_ERROR;
				CLANG_WARN_DOCUMENTATION_COMMENTS = YES;
				CLANG_WARN_EMPTY_BODY = YES;
				CLANG_WARN_ENUM_CONVERSION = YES;
				CLANG_WARN_INFINITE_RECURSION = YES;
				CLANG_WARN_INT_CONVERSION = YES;
				CLANG_WARN_OBJC_ROOT_CLASS = YES_ERROR;
				CLANG_WARN_SUSPICIOUS_MOVES = YES;
				CLANG_WARN_UNREACHABLE_CODE = YES;
				CLANG_WARN__DUPLICATE_METHOD_MATCH = YES;
				CODE_SIGN_IDENTITY = "-";
				COPY_PHASE_STRIP = NO;
				DEBUG_INFORMATION_FORMAT = dwarf;
				ENABLE_STRICT_OBJC_MSGSEND = YES;
				ENABLE_TESTABILITY = YES;
				GCC_C_LANGUAGE_STANDARD = gnu99;
				GCC_DYNAMIC_NO_PIC = NO;
				GCC_NO_COMMON_BLOCKS = YES;
				GCC_OPTIMIZATION_LEVEL = 0;
				GCC_PREPROCESSOR_DEFINITIONS = (
					"DEBUG=1",
					"$(inherited)",
				);
				GCC_WARN_64_TO_32_BIT_CONVERSION = YES;
				GCC_WARN_ABOUT_RETURN_TYPE = YES_ERROR;
				GCC_WARN_UNDECLARED_SELECTOR = YES;
				GCC_WARN_UNINITIALIZED_AUTOS = YES_AGGRESSIVE;
				GCC_WARN_UNUSED_FUNCTION = YES;
				GCC_WARN_UNUSED_VARIABLE = YES;
				MACOSX_DEPLOYMENT_TARGET = 10.11;
				MTL_ENABLE_DEBUG_INFO = YES;
				ONLY_ACTIVE_ARCH = YES;
				SDKROOT = macosx;
			};
			name = Debug;
		};
		F701DF091E01C1F800850655 /* Release */ = {
			isa = XCBuildConfiguration;
			buildSettings = {
				ALWAYS_SEARCH_USER_PATHS = NO;
				CLANG_ANALYZER_NONNULL = YES;
				CLANG_CXX_LANGUAGE_STANDARD = "gnu++0x";
				CLANG_CXX_LIBRARY = "libc++";
				CLANG_ENABLE_MODULES = YES;
				CLANG_ENABLE_OBJC_ARC = YES;
				CLANG_WARN_BOOL_CONVERSION = YES;
				CLANG_WARN_CONSTANT_CONVERSION = YES;
				CLANG_WARN_DIRECT_OBJC_ISA_USAGE = YES_ERROR;
				CLANG_WARN_DOCUMENTATION_COMMENTS = YES;
				CLANG_WARN_EMPTY_BODY = YES;
				CLANG_WARN_ENUM_CONVERSION = YES;
				CLANG_WARN_INFINITE_RECURSION = YES;
				CLANG_WARN_INT_CONVERSION = YES;
				CLANG_WARN_OBJC_ROOT_CLASS = YES_ERROR;
				CLANG_WARN_SUSPICIOUS_MOVES = YES;
				CLANG_WARN_UNREACHABLE_CODE = YES;
				CLANG_WARN__DUPLICATE_METHOD_MATCH = YES;
				CODE_SIGN_IDENTITY = "-";
				COPY_PHASE_STRIP = NO;
				DEBUG_INFORMATION_FORMAT = "dwarf-with-dsym";
				ENABLE_NS_ASSERTIONS = NO;
				ENABLE_STRICT_OBJC_MSGSEND = YES;
				GCC_C_LANGUAGE_STANDARD = gnu99;
				GCC_NO_COMMON_BLOCKS = YES;
				GCC_WARN_64_TO_32_BIT_CONVERSION = YES;
				GCC_WARN_ABOUT_RETURN_TYPE = YES_ERROR;
				GCC_WARN_UNDECLARED_SELECTOR = YES;
				GCC_WARN_UNINITIALIZED_AUTOS = YES_AGGRESSIVE;
				GCC_WARN_UNUSED_FUNCTION = YES;
				GCC_WARN_UNUSED_VARIABLE = YES;
				MACOSX_DEPLOYMENT_TARGET = 10.11;
				MTL_ENABLE_DEBUG_INFO = NO;
				SDKROOT = macosx;
			};
			name = Release;
		};
		F701DF0B1E01C1F800850655 /* Debug */ = {
			isa = XCBuildConfiguration;
			buildSettings = {
				COMBINE_HIDPI_IMAGES = YES;
				INFOPLIST_FILE = Info.plist;
				INSTALL_PATH = "$(LOCAL_LIBRARY_DIR)/Bundles";
				PRODUCT_BUNDLE_IDENTIFIER = com.glu.nsgif;
				PRODUCT_NAME = "$(TARGET_NAME)";
				SKIP_INSTALL = YES;
				WRAPPER_EXTENSION = bundle;
			};
			name = Debug;
		};
		F701DF0C1E01C1F800850655 /* Release */ = {
			isa = XCBuildConfiguration;
			buildSettings = {
				COMBINE_HIDPI_IMAGES = YES;
				INFOPLIST_FILE = Info.plist;
				INSTALL_PATH = "$(LOCAL_LIBRARY_DIR)/Bundles";
				PRODUCT_BUNDLE_IDENTIFIER = com.glu.nsgif;
				PRODUCT_NAME = "$(TARGET_NAME)";
				SKIP_INSTALL = YES;
				WRAPPER_EXTENSION = bundle;
			};
			name = Release;
		};
/* End XCBuildConfiguration section */

/* Begin XCConfigurationList section */
		F701DEFF1E01C1F800850655 /* Build configuration list for PBXProject "nsgif" */ = {
			isa = XCConfigurationList;
			buildConfigurations = (
				F701DF081E01C1F800850655 /* Debug */,
				F701DF091E01C1F800850655 /* Release */,
			);
			defaultConfigurationIsVisible = 0;
			defaultConfigurationName = Release;
		};
		F701DF0A1E01C1F800850655 /* Build configuration list for PBXNativeTarget "nsgif" */ = {
			isa = XCConfigurationList;
			buildConfigurations = (
				F701DF0B1E01C1F800850655 /* Debug */,
				F701DF0C1E01C1F800850655 /* Release */,
			);
			defaultConfigurationIsVisible = 0;
			defaultConfigurationName = Release;
		};
/* End XCConfigurationList section */
	};
	rootObject = F701DEFC1E01C1F800850655 /* Project object */;
}
